
Microsoft Visual Studio Solution File, Format Version 12.00
Project("{FAE04EC0-301F-11D3-BF4B-00C04F79EFBC}") = "BonsaiGame", "BonsaiGlyphs\BonsaiGame.csproj", "{C60C0528-568E-4D94-9967-AC00792B563B}"
EndProject
Project("{FAE04EC0-301F-11D3-BF4B-00C04F79EFBC}") = "AsciiAnimator", "AsciiAnimator\AsciiAnimator.csproj", "{335B2165-C379-4C98-891D-584883BC2325}"
EndProject
Global
	GlobalSection(SolutionConfigurationPlatforms) = preSolution
		Debug|Any CPU = Debug|Any CPU
		Release|Any CPU = Release|Any CPU
	EndGlobalSection
	GlobalSection(ProjectConfigurationPlatforms) = postSolution
		{C60C0528-568E-4D94-9967-AC00792B563B}.Debug|Any CPU.ActiveCfg = Debug|Any CPU
		{C60C0528-568E-4D94-9967-AC00792B563B}.Debug|Any CPU.Build.0 = Debug|Any CPU
		{C60C0528-568E-4D94-9967-AC00792B563B}.Release|Any CPU.ActiveCfg = Release|Any CPU
		{C60C0528-568E-4D94-9967-AC00792B563B}.Release|Any CPU.Build.0 = Release|Any CPU
		{335B2165-C379-4C98-891D-584883BC2325}.Debug|Any CPU.ActiveCfg = Debug|Any CPU
		{335B2165-C379-4C98-891D-584883BC2325}.Debug|Any CPU.Build.0 = Debug|Any CPU
		{335B2165-C379-4C98-891D-584883BC2325}.Release|Any CPU.ActiveCfg = Release|Any CPU
		{335B2165-C379-4C98-891D-584883BC2325}.Release|Any CPU.Build.0 = Release|Any CPU
	EndGlobalSection
EndGlobal
